// !$*UTF8*$!
{
	archiveVersion = 1;
	classes = {
	};
	objectVersion = 50;
	objects = {

/* Begin PBXBuildFile section */
		DB331F872147DA0100E193E5 /* TestKit.m in Sources */ = {isa = PBXBuildFile; fileRef = DB331F862147DA0100E193E5 /* TestKit.m */; };
		DB57768921479C18002D0CB2 /* AppDelegate.m in Sources */ = {isa = PBXBuildFile; fileRef = DB57768821479C18002D0CB2 /* AppDelegate.m */; };
		DB57768C21479C18002D0CB2 /* ViewController.m in Sources */ = {isa = PBXBuildFile; fileRef = DB57768B21479C18002D0CB2 /* ViewController.m */; };
		DB57768F21479C18002D0CB2 /* Main.storyboard in Resources */ = {isa = PBXBuildFile; fileRef = DB57768D21479C18002D0CB2 /* Main.storyboard */; };
		DB57769121479C19002D0CB2 /* Assets.xcassets in Resources */ = {isa = PBXBuildFile; fileRef = DB57769021479C19002D0CB2 /* Assets.xcassets */; };
		DB57769421479C19002D0CB2 /* LaunchScreen.storyboard in Resources */ = {isa = PBXBuildFile; fileRef = DB57769221479C19002D0CB2 /* LaunchScreen.storyboard */; };
		DB57769721479C19002D0CB2 /* main.m in Sources */ = {isa = PBXBuildFile; fileRef = DB57769621479C19002D0CB2 /* main.m */; };
/* End PBXBuildFile section */

/* Begin PBXFileReference section */
		DB331F852147DA0100E193E5 /* TestKit.h */ = {isa = PBXFileReference; fileEncoding = 4; lastKnownFileType = sourcecode.c.h; path = TestKit.h; sourceTree = "<group>"; };
		DB331F862147DA0100E193E5 /* TestKit.m */ = {isa = PBXFileReference; fileEncoding = 4; lastKnownFileType = sourcecode.c.objc; path = TestKit.m; sourceTree = "<group>"; };
		DB57768421479C18002D0CB2 /* ZhssuperBasicKit.app */ = {isa = PBXFileReference; explicitFileType = wrapper.application; includeInIndex = 0; path = ZhssuperBasicKit.app; sourceTree = BUILT_PRODUCTS_DIR; };
		DB57768721479C18002D0CB2 /* AppDelegate.h */ = {isa = PBXFileReference; lastKnownFileType = sourcecode.c.h; path = AppDelegate.h; sourceTree = "<group>"; };
		DB57768821479C18002D0CB2 /* AppDelegate.m */ = {isa = PBXFileReference; lastKnownFileType = sourcecode.c.objc; path = AppDelegate.m; sourceTree = "<group>"; };
		DB57768A21479C18002D0CB2 /* ViewController.h */ = {isa = PBXFileReference; lastKnownFileType = sourcecode.c.h; path = ViewController.h; sourceTree = "<group>"; };
		DB57768B21479C18002D0CB2 /* ViewController.m */ = {isa = PBXFileReference; lastKnownFileType = sourcecode.c.objc; path = ViewController.m; sourceTree = "<group>"; };
		DB57768E21479C18002D0CB2 /* Base */ = {isa = PBXFileReference; lastKnownFileType = file.storyboard; name = Base; path = Base.lproj/Main.storyboard; sourceTree = "<group>"; };
		DB57769021479C19002D0CB2 /* Assets.xcassets */ = {isa = PBXFileReference; lastKnownFileType = folder.assetcatalog; path = Assets.xcassets; sourceTree = "<group>"; };
		DB57769321479C19002D0CB2 /* Base */ = {isa = PBXFileReference; lastKnownFileType = file.storyboard; name = Base; path = Base.lproj/LaunchScreen.storyboard; sourceTree = "<group>"; };
		DB57769521479C19002D0CB2 /* Info.plist */ = {isa = PBXFileReference; lastKnownFileType = text.plist.xml; path = Info.plist; sourceTree = "<group>"; };
		DB57769621479C19002D0CB2 /* main.m */ = {isa = PBXFileReference; lastKnownFileType = sourcecode.c.objc; path = main.m; sourceTree = "<group>"; };
/* End PBXFileReference section */

/* Begin PBXFrameworksBuildPhase section */
		DB57768121479C18002D0CB2 /* Frameworks */ = {
			isa = PBXFrameworksBuildPhase;
			buildActionMask = 2147483647;
			files = (
			);
			runOnlyForDeploymentPostprocessing = 0;
		};
/* End PBXFrameworksBuildPhase section */

/* Begin PBXGroup section */
		DB331F842147DA0100E193E5 /* Kit */ = {
			isa = PBXGroup;
			children = (
				DB331F852147DA0100E193E5 /* TestKit.h */,
				DB331F862147DA0100E193E5 /* TestKit.m */,
			);
			name = Kit;
			path = ZhssuperBasicKit/Kit;
			sourceTree = "<group>";
		};
		DB57767B21479C18002D0CB2 = {
			isa = PBXGroup;
			children = (
				DB331F842147DA0100E193E5 /* Kit */,
				DB57768621479C18002D0CB2 /* ZhssuperBasicKit */,
				DB57768521479C18002D0CB2 /* Products */,
			);
			sourceTree = "<group>";
		};
		DB57768521479C18002D0CB2 /* Products */ = {
			isa = PBXGroup;
			children = (
				DB57768421479C18002D0CB2 /* ZhssuperBasicKit.app */,
			);
			name = Products;
			sourceTree = "<group>";
		};
		DB57768621479C18002D0CB2 /* ZhssuperBasicKit */ = {
			isa = PBXGroup;
			children = (
				DB57768721479C18002D0CB2 /* AppDelegate.h */,
				DB57768821479C18002D0CB2 /* AppDelegate.m */,
				DB57768A21479C18002D0CB2 /* ViewController.h */,
				DB57768B21479C18002D0CB2 /* ViewController.m */,
				DB57768D21479C18002D0CB2 /* Main.storyboard */,
				DB57769021479C19002D0CB2 /* Assets.xcassets */,
				DB57769221479C19002D0CB2 /* LaunchScreen.storyboard */,
				DB57769521479C19002D0CB2 /* Info.plist */,
				DB57769621479C19002D0CB2 /* main.m */,
			);
			path = ZhssuperBasicKit;
			sourceTree = "<group>";
		};
/* End PBXGroup section */

/* Begin PBXNativeTarget section */
		DB57768321479C18002D0CB2 /* ZhssuperBasicKit */ = {
			isa = PBXNativeTarget;
			buildConfigurationList = DB57769A21479C19002D0CB2 /* Build configuration list for PBXNativeTarget "ZhssuperBasicKit" */;
			buildPhases = (
				DB57768021479C18002D0CB2 /* Sources */,
				DB57768121479C18002D0CB2 /* Frameworks */,
				DB57768221479C18002D0CB2 /* Resources */,
			);
			buildRules = (
			);
			dependencies = (
			);
			name = ZhssuperBasicKit;
			productName = ZhssuperBasicKit;
			productReference = DB57768421479C18002D0CB2 /* ZhssuperBasicKit.app */;
			productType = "com.apple.product-type.application";
		};
/* End PBXNativeTarget section */

/* Begin PBXProject section */
		DB57767C21479C18002D0CB2 /* Project object */ = {
			isa = PBXProject;
			attributes = {
				LastUpgradeCheck = 0940;
				ORGANIZATIONNAME = Zhssuper;
				TargetAttributes = {
					DB57768321479C18002D0CB2 = {
						CreatedOnToolsVersion = 9.4.1;
					};
				};
			};
			buildConfigurationList = DB57767F21479C18002D0CB2 /* Build configuration list for PBXProject "ZhssuperBasicKit" */;
			compatibilityVersion = "Xcode 9.3";
			developmentRegion = en;
			hasScannedForEncodings = 0;
			knownRegions = (
				en,
				Base,
			);
			mainGroup = DB57767B21479C18002D0CB2;
			productRefGroup = DB57768521479C18002D0CB2 /* Products */;
			projectDirPath = "";
			projectRoot = "";
			targets = (
				DB57768321479C18002D0CB2 /* ZhssuperBasicKit */,
			);
		};
/* End PBXProject section */

/* Begin PBXResourcesBuildPhase section */
		DB57768221479C18002D0CB2 /* Resources */ = {
			isa = PBXResourcesBuildPhase;
			buildActionMask = 2147483647;
			files = (
				DB57769421479C19002D0CB2 /* LaunchScreen.storyboard in Resources */,
				DB57769121479C19002D0CB2 /* Assets.xcassets in Resources */,
				DB57768F21479C18002D0CB2 /* Main.storyboard in Resources */,
			);
			runOnlyForDeploymentPostprocessing = 0;
		};
/* End PBXResourcesBuildPhase section */

/* Begin PBXSourcesBuildPhase section */
		DB57768021479C18002D0CB2 /* Sources */ = {
			isa = PBXSourcesBuildPhase;
			buildActionMask = 2147483647;
			files = (
				DB331F872147DA0100E193E5 /* TestKit.m in Sources */,
				DB57768C21479C18002D0CB2 /* ViewController.m in Sources */,
				DB57769721479C19002D0CB2 /* main.m in Sources */,
				DB57768921479C18002D0CB2 /* AppDelegate.m in Sources */,
			);
			runOnlyForDeploymentPostprocessing = 0;
		};
/* End PBXSourcesBuildPhase section */

/* Begin PBXVariantGroup section */
		DB57768D21479C18002D0CB2 /* Main.storyboard */ = {
			isa = PBXVariantGroup;
			children = (
				DB57768E21479C18002D0CB2 /* Base */,
			);
			name = Main.storyboard;
			sourceTree = "<group>";
		};
		DB57769221479C19002D0CB2 /* LaunchScreen.storyboard */ = {
			isa = PBXVariantGroup;
			children = (
				DB57769321479C19002D0CB2 /* Base */,
			);
			name = LaunchScreen.storyboard;
			sourceTree = "<group>";
		};
/* End PBXVariantGroup section */

/* Begin XCBuildConfiguration section */
		DB57769821479C19002D0CB2 /* Debug */ = {
			isa = XCBuildConfiguration;
			buildSettings = {
				ALWAYS_SEARCH_USER_PATHS = NO;
				CLANG_ANALYZER_NONNULL = YES;
				CLANG_ANALYZER_NUMBER_OBJECT_CONVERSION = YES_AGGRESSIVE;
				CLANG_CXX_LANGUAGE_STANDARD = "gnu++14";
				CLANG_CXX_LIBRARY = "libc++";
				CLANG_ENABLE_MODULES = YES;
				CLANG_ENABLE_OBJC_ARC = YES;
				CLANG_ENABLE_OBJC_WEAK = YES;
				CLANG_WARN_BLOCK_CAPTURE_AUTORELEASING = YES;
				CLANG_WARN_BOOL_CONVERSION = YES;
				CLANG_WARN_COMMA = YES;
				CLANG_WARN_CONSTANT_CONVERSION = YES;
				CLANG_WARN_DEPRECATED_OBJC_IMPLEMENTATIONS = YES;
				CLANG_WARN_DIRECT_OBJC_ISA_USAGE = YES_ERROR;
				CLANG_WARN_DOCUMENTATION_COMMENTS = YES;
				CLANG_WARN_EMPTY_BODY = YES;
				CLANG_WARN_ENUM_CONVERSION = YES;
				CLANG_WARN_INFINITE_RECURSION = YES;
				CLANG_WARN_INT_CONVERSION = YES;
				CLANG_WARN_NON_LITERAL_NULL_CONVERSION = YES;
				CLANG_WARN_OBJC_IMPLICIT_RETAIN_SELF = YES;
				CLANG_WARN_OBJC_LITERAL_CONVERSION = YES;
				CLANG_WARN_OBJC_ROOT_CLASS = YES_ERROR;
				CLANG_WARN_RANGE_LOOP_ANALYSIS = YES;
				CLANG_WARN_STRICT_PROTOTYPES = YES;
				CLANG_WARN_SUSPICIOUS_MOVE = YES;
				CLANG_WARN_UNGUARDED_AVAILABILITY = YES_AGGRESSIVE;
				CLANG_WARN_UNREACHABLE_CODE = YES;
				CLANG_WARN__DUPLICATE_METHOD_MATCH = YES;
				CODE_SIGN_IDENTITY = "iPhone Developer";
				COPY_PHASE_STRIP = NO;
				DEBUG_INFORMATION_FORMAT = dwarf;
				ENABLE_STRICT_OBJC_MSGSEND = YES;
				ENABLE_TESTABILITY = YES;
				GCC_C_LANGUAGE_STANDARD = gnu11;
				GCC_DYNAMIC_NO_PIC = NO;
				GCC_NO_COMMON_BLOCKS = YES;
				GCC_OPTIMIZATION_LEVEL = 0;
				GCC_PREPROCESSOR_DEFINITIONS = (
					"DEBUG=1",
					"$(inherited)",
				);
				GCC_WARN_64_TO_32_BIT_CONVERSION = YES;
				GCC_WARN_ABOUT_RETURN_TYPE = YES_ERROR;
				GCC_WARN_UNDECLARED_SELECTOR = YES;
				GCC_WARN_UNINITIALIZED_AUTOS = YES_AGGRESSIVE;
				GCC_WARN_UNUSED_FUNCTION = YES;
				GCC_WARN_UNUSED_VARIABLE = YES;
				IPHONEOS_DEPLOYMENT_TARGET = 11.4;
				MTL_ENABLE_DEBUG_INFO = YES;
				ONLY_ACTIVE_ARCH = YES;
				SDKROOT = iphoneos;
			};
			name = Debug;
		};
		DB57769921479C19002D0CB2 /* Release */ = {
			isa = XCBuildConfiguration;
			buildSettings = {
				ALWAYS_SEARCH_USER_PATHS = NO;
				CLANG_ANALYZER_NONNULL = YES;
				CLANG_ANALYZER_NUMBER_OBJECT_CONVERSION = YES_AGGRESSIVE;
				CLANG_CXX_LANGUAGE_STANDARD = "gnu++14";
				CLANG_CXX_LIBRARY = "libc++";
				CLANG_ENABLE_MODULES = YES;
				CLANG_ENABLE_OBJC_ARC = YES;
				CLANG_ENABLE_OBJC_WEAK = YES;
				CLANG_WARN_BLOCK_CAPTURE_AUTORELEASING = YES;
				CLANG_WARN_BOOL_CONVERSION = YES;
				CLANG_WARN_COMMA = YES;
				CLANG_WARN_CONSTANT_CONVERSION = YES;
				CLANG_WARN_DEPRECATED_OBJC_IMPLEMENTATIONS = YES;
				CLANG_WARN_DIRECT_OBJC_ISA_USAGE = YES_ERROR;
				CLANG_WARN_DOCUMENTATION_COMMENTS = YES;
				CLANG_WARN_EMPTY_BODY = YES;
				CLANG_WARN_ENUM_CONVERSION = YES;
				CLANG_WARN_INFINITE_RECURSION = YES;
				CLANG_WARN_INT_CONVERSION = YES;
				CLANG_WARN_NON_LITERAL_NULL_CONVERSION = YES;
				CLANG_WARN_OBJC_IMPLICIT_RETAIN_SELF = YES;
				CLANG_WARN_OBJC_LITERAL_CONVERSION = YES;
				CLANG_WARN_OBJC_ROOT_CLASS = YES_ERROR;
				CLANG_WARN_RANGE_LOOP_ANALYSIS = YES;
				CLANG_WARN_STRICT_PROTOTYPES = YES;
				CLANG_WARN_SUSPICIOUS_MOVE = YES;
				CLANG_WARN_UNGUARDED_AVAILABILITY = YES_AGGRESSIVE;
				CLANG_WARN_UNREACHABLE_CODE = YES;
				CLANG_WARN__DUPLICATE_METHOD_MATCH = YES;
				CODE_SIGN_IDENTITY = "iPhone Developer";
				COPY_PHASE_STRIP = NO;
				DEBUG_INFORMATION_FORMAT = "dwarf-with-dsym";
				ENABLE_NS_ASSERTIONS = NO;
				ENABLE_STRICT_OBJC_MSGSEND = YES;
				GCC_C_LANGUAGE_STANDARD = gnu11;
				GCC_NO_COMMON_BLOCKS = YES;
				GCC_WARN_64_TO_32_BIT_CONVERSION = YES;
				GCC_WARN_ABOUT_RETURN_TYPE = YES_ERROR;
				GCC_WARN_UNDECLARED_SELECTOR = YES;
				GCC_WARN_UNINITIALIZED_AUTOS = YES_AGGRESSIVE;
				GCC_WARN_UNUSED_FUNCTION = YES;
				GCC_WARN_UNUSED_VARIABLE = YES;
				IPHONEOS_DEPLOYMENT_TARGET = 11.4;
				MTL_ENABLE_DEBUG_INFO = NO;
				SDKROOT = iphoneos;
				VALIDATE_PRODUCT = YES;
			};
			name = Release;
		};
		DB57769B21479C19002D0CB2 /* Debug */ = {
			isa = XCBuildConfiguration;
			buildSettings = {
				ASSETCATALOG_COMPILER_APPICON_NAME = AppIcon;
				CODE_SIGN_STYLE = Automatic;
				DEVELOPMENT_TEAM = 33T2QK6H57;
				INFOPLIST_FILE = ZhssuperBasicKit/Info.plist;
				LD_RUNPATH_SEARCH_PATHS = (
					"$(inherited)",
					"@executable_path/Frameworks",
				);
				PRODUCT_BUNDLE_IDENTIFIER = com.zhs.basic.kit.ZhssuperBasicKit;
				PRODUCT_NAME = "$(TARGET_NAME)";
				TARGETED_DEVICE_FAMILY = "1,2";
			};
			name = Debug;
		};
		DB57769C21479C19002D0CB2 /* Release */ = {
			isa = XCBuildConfiguration;
			buildSettings = {
				ASSETCATALOG_COMPILER_APPICON_NAME = AppIcon;
				CODE_SIGN_STYLE = Automatic;
				DEVELOPMENT_TEAM = 33T2QK6H57;
				INFOPLIST_FILE = ZhssuperBasicKit/Info.plist;
				LD_RUNPATH_SEARCH_PATHS = (
					"$(inherited)",
					"@executable_path/Frameworks",
				);
				PRODUCT_BUNDLE_IDENTIFIER = com.zhs.basic.kit.ZhssuperBasicKit;
				PRODUCT_NAME = "$(TARGET_NAME)";
				TARGETED_DEVICE_FAMILY = "1,2";
			};
			name = Release;
		};
/* End XCBuildConfiguration section */

/* Begin XCConfigurationList section */
		DB57767F21479C18002D0CB2 /* Build configuration list for PBXProject "ZhssuperBasicKit" */ = {
			isa = XCConfigurationList;
			buildConfigurations = (
				DB57769821479C19002D0CB2 /* Debug */,
				DB57769921479C19002D0CB2 /* Release */,
			);
			defaultConfigurationIsVisible = 0;
			defaultConfigurationName = Release;
		};
		DB57769A21479C19002D0CB2 /* Build configuration list for PBXNativeTarget "ZhssuperBasicKit" */ = {
			isa = XCConfigurationList;
			buildConfigurations = (
				DB57769B21479C19002D0CB2 /* Debug */,
				DB57769C21479C19002D0CB2 /* Release */,
			);
			defaultConfigurationIsVisible = 0;
			defaultConfigurationName = Release;
		};
/* End XCConfigurationList section */
	};
	rootObject = DB57767C21479C18002D0CB2 /* Project object */;
}
